{
  "name": "vue_vuetify",
  "lockfileVersion": 2,
  "requires": true,
  "packages": {
    "": {
      "dependencies": {
        "@mdi/js": "^6.6.96",
        "material-design-icons": "^3.0.1",
        "material-icons": "^1.10.9"
      }
    },
    "node_modules/@mdi/js": {
      "version": "6.6.96",
      "resolved": "https://registry.npmjs.org/@mdi/js/-/js-6.6.96.tgz",
      "integrity": "sha512-ke9PN5DjPCOlMfhioxeZYADz8Yiz6v47W0IYRza01SSJD7y1EwESVpwFnnFUso+eCoWtE1CO9cTIvQF6sEreuA=="
    },
    "node_modules/material-design-icons": {
      "version": "3.0.1",
      "resolved": "https://registry.npmjs.org/material-design-icons/-/material-design-icons-3.0.1.tgz",
      "integrity": "sha1-mnHEh0chjrylHlGmbaaCA4zct78="
    },
    "node_modules/material-icons": {
      "version": "1.10.9",
      "resolved": "https://registry.npmjs.org/material-icons/-/material-icons-1.10.9.tgz",
      "integrity": "sha512-bix9hlteHhaO/I2mfLjs5XeJG31E72p+gTj8BXt/1bwRnry8FCot5CVeHBhnkgGEBdiI+DphRYxB3uTDxZ9stg=="
    }
  },
  "dependencies": {
    "@mdi/js": {
      "version": "6.6.96",
      "resolved": "https://registry.npmjs.org/@mdi/js/-/js-6.6.96.tgz",
      "integrity": "sha512-ke9PN5DjPCOlMfhioxeZYADz8Yiz6v47W0IYRza01SSJD7y1EwESVpwFnnFUso+eCoWtE1CO9cTIvQF6sEreuA=="
    },
    "material-design-icons": {
      "version": "3.0.1",
      "resolved": "https://registry.npmjs.org/material-design-icons/-/material-design-icons-3.0.1.tgz",
      "integrity": "sha1-mnHEh0chjrylHlGmbaaCA4zct78="
    },
    "material-icons": {
      "version": "1.10.9",
      "resolved": "https://registry.npmjs.org/material-icons/-/material-icons-1.10.9.tgz",
      "integrity": "sha512-bix9hlteHhaO/I2mfLjs5XeJG31E72p+gTj8BXt/1bwRnry8FCot5CVeHBhnkgGEBdiI+DphRYxB3uTDxZ9stg=="
    }
  }
}
